
Microsoft Visual Studio Solution File, Format Version 12.00
# Visual Studio 15
VisualStudioVersion = 15.0.28010.2046
MinimumVisualStudioVersion = 10.0.40219.1
Project("{E24C65DC-7377-472B-9ABA-BC803B73C61A}") = "day", "..\", "{1CA80507-70EB-49B9-A3E2-EE0DA024426F}"
	ProjectSection(WebsiteProperties) = preProject
		TargetFrameworkMoniker = ".NETFramework,Version%3Dv4.0"
		Debug.AspNetCompiler.VirtualPath = "/localhost_60142"
		Debug.AspNetCompiler.PhysicalPath = "..\..\..\Desktop\day\"
		Debug.AspNetCompiler.TargetPath = "PrecompiledWeb\localhost_60142\"
		Debug.AspNetCompiler.Updateable = "true"
		Debug.AspNetCompiler.ForceOverwrite = "true"
		Debug.AspNetCompiler.FixedNames = "false"
		Debug.AspNetCompiler.Debug = "True"
		Release.AspNetCompiler.VirtualPath = "/localhost_60142"
		Release.AspNetCompiler.PhysicalPath = "..\..\..\Desktop\day\"
		Release.AspNetCompiler.TargetPath = "PrecompiledWeb\localhost_60142\"
		Release.AspNetCompiler.Updateable = "true"
		Release.AspNetCompiler.ForceOverwrite = "true"
		Release.AspNetCompiler.FixedNames = "false"
		Release.AspNetCompiler.Debug = "False"
		VWDPort = "60142"
	EndProjectSection
EndProject
Global
	GlobalSection(SolutionConfigurationPlatforms) = preSolution
		Debug|Any CPU = Debug|Any CPU
	EndGlobalSection
	GlobalSection(ProjectConfigurationPlatforms) = postSolution
		{1CA80507-70EB-49B9-A3E2-EE0DA024426F}.Debug|Any CPU.ActiveCfg = Debug|Any CPU
		{1CA80507-70EB-49B9-A3E2-EE0DA024426F}.Debug|Any CPU.Build.0 = Debug|Any CPU
	EndGlobalSection
	GlobalSection(SolutionProperties) = preSolution
		HideSolutionNode = FALSE
	EndGlobalSection
	GlobalSection(ExtensibilityGlobals) = postSolution
		SolutionGuid = {38A028AF-CAFD-4B68-A268-D0E37A8CC6C5}
	EndGlobalSection
EndGlobal
