
Microsoft Visual Studio Solution File, Format Version 12.00
# Visual Studio 15
VisualStudioVersion = 15.0.28307.106
MinimumVisualStudioVersion = 10.0.40219.1
Project("{E24C65DC-7377-472B-9ABA-BC803B73C61A}") = "day", ".", "{7F274EC5-0998-4734-B95B-39E9FA79307B}"
	ProjectSection(WebsiteProperties) = preProject
		TargetFrameworkMoniker = ".NETFramework,Version%3Dv4.6.1"
		Debug.AspNetCompiler.VirtualPath = "/localhost_61493"
		Debug.AspNetCompiler.PhysicalPath = "..\..\..\..\..\day\"
		Debug.AspNetCompiler.TargetPath = "PrecompiledWeb\localhost_61493\"
		Debug.AspNetCompiler.Updateable = "true"
		Debug.AspNetCompiler.ForceOverwrite = "true"
		Debug.AspNetCompiler.FixedNames = "false"
		Debug.AspNetCompiler.Debug = "True"
		Release.AspNetCompiler.VirtualPath = "/localhost_61493"
		Release.AspNetCompiler.PhysicalPath = "..\..\..\..\..\day\"
		Release.AspNetCompiler.TargetPath = "PrecompiledWeb\localhost_61493\"
		Release.AspNetCompiler.Updateable = "true"
		Release.AspNetCompiler.ForceOverwrite = "true"
		Release.AspNetCompiler.FixedNames = "false"
		Release.AspNetCompiler.Debug = "False"
		VWDPort = "61493"
	EndProjectSection
EndProject
Global
	GlobalSection(SolutionConfigurationPlatforms) = preSolution
		Debug|Any CPU = Debug|Any CPU
	EndGlobalSection
	GlobalSection(ProjectConfigurationPlatforms) = postSolution
		{7F274EC5-0998-4734-B95B-39E9FA79307B}.Debug|Any CPU.ActiveCfg = Debug|Any CPU
		{7F274EC5-0998-4734-B95B-39E9FA79307B}.Debug|Any CPU.Build.0 = Debug|Any CPU
	EndGlobalSection
	GlobalSection(SolutionProperties) = preSolution
		HideSolutionNode = FALSE
	EndGlobalSection
	GlobalSection(ExtensibilityGlobals) = postSolution
		SolutionGuid = {A45D77AC-8430-4678-BF3D-041DF8B29D33}
	EndGlobalSection
EndGlobal
